
Microsoft Visual Studio Solution File, Format Version 12.00
# Visual Studio Version 16
VisualStudioVersion = 16.0.31727.386
MinimumVisualStudioVersion = 10.0.40219.1
Project("{FAE04EC0-301F-11D3-BF4B-00C04F79EFBC}") = "VectorWars", "VectorWars\VectorWars.csproj", "{F2E18E9D-8CD7-47DB-AF5B-6D390FD29B47}"
EndProject
Global
	GlobalSection(SolutionConfigurationPlatforms) = preSolution
		Debug|Any CPU = Debug|Any CPU
		Release|Any CPU = Release|Any CPU
	EndGlobalSection
	GlobalSection(ProjectConfigurationPlatforms) = postSolution
		{F2E18E9D-8CD7-47DB-AF5B-6D390FD29B47}.Debug|Any CPU.ActiveCfg = Debug|Any CPU
		{F2E18E9D-8CD7-47DB-AF5B-6D390FD29B47}.Debug|Any CPU.Build.0 = Debug|Any CPU
		{F2E18E9D-8CD7-47DB-AF5B-6D390FD29B47}.Release|Any CPU.ActiveCfg = Release|Any CPU
		{F2E18E9D-8CD7-47DB-AF5B-6D390FD29B47}.Release|Any CPU.Build.0 = Release|Any CPU
	EndGlobalSection
	GlobalSection(SolutionProperties) = preSolution
		HideSolutionNode = FALSE
	EndGlobalSection
	GlobalSection(ExtensibilityGlobals) = postSolution
		SolutionGuid = {76726B4A-F6BE-435A-9231-60D366B034DA}
	EndGlobalSection
EndGlobal
